all-versions:
- '1.0'
author: Duncan Coutts <duncan.coutts@worc.ox.ac.uk>
basic-deps:
  base: '>=3'
  cairo: '>=0'
  glib: '>=0'
  gtk: '>=0'
  old-time: '>=0'
changelog: ''
changelog-type: ''
description: An elegant analog clock using Haskell, GTK and Cairo
description-type: haddock
hash: b4acdd6decd04b9cd64684e94cea1a632e391fca83fa33e7a3e3f8b7d075198d
homepage: http://haskell.org/gtk2hs/archives/2006/01/26/cairo-eye-candy/
latest: '1.0'
license-name: LicenseRef-GPL
maintainer: dons@galois.com
synopsis: An elegant analog clock using Haskell, GTK and Cairo
test-bench-deps: {}
