homepage: http://haskell.org/gtk2hs/archives/2006/01/26/cairo-eye-candy/
changelog-type: ''
hash: b4acdd6decd04b9cd64684e94cea1a632e391fca83fa33e7a3e3f8b7d075198d
test-bench-deps: {}
maintainer: dons@galois.com
synopsis: An elegant analog clock using Haskell, GTK and Cairo
changelog: ''
basic-deps:
  base: ! '>=3'
  glib: -any
  cairo: -any
  old-time: -any
  gtk: -any
all-versions:
- '1.0'
author: Duncan Coutts <duncan.coutts@worc.ox.ac.uk>
latest: '1.0'
description-type: haddock
description: An elegant analog clock using Haskell, GTK and Cairo
license-name: LicenseRef-GPL
