homepage: https://github.com/Profpatsch/yarn-lock#readme
changelog-type: markdown
hash: 9a45ea8672e1f28114ef962bb61f36a8dbd703aa9f85e8134dc571b3542326ca
test-bench-deps:
  ansi-wl-pprint: ! '>=0.6'
  tasty-th: ! '>=0.1.7'
  base: ==4.*
  text: -any
  megaparsec: ==5.*
  protolude: ! '>=0.1'
  containers: -any
  yarn-lock: -any
  tasty-hunit: ! '>=0.9'
  tasty: ! '>=0.11'
maintainer: mail@profpatsch.de
synopsis: Represent and parse yarn.lock files
changelog: ! '# Changelog


  All notable changes to this project will be documented in this file.


  The format is based on [Keep a Changelog](http://keepachangelog.com/)

  and this project adheres to [Semantic Versioning](http://semver.org/).


  ## 0.2 - 2017-05-21


  ### Added

  - a multi-keyed map module

  - `decycle` function for removing npm dependency cycles


  ### Changed

  - Lockfile type is now a multi-keyed map



  ## [0.1] - 2017-04-18


  ### Added

  - parser for `yarn.lock` files generated by yarn

  - data types representing the yarn file

  - Lockfile type that is a simple `Map`



'
basic-deps:
  base: ! '>=4.8 && <5'
  text: -any
  megaparsec: ==5.*
  protolude: ! '>=0.1'
  containers: -any
all-versions:
- '0.1.0'
- '0.2.0'
author: Profpatsch
latest: '0.2.0'
description-type: haddock
description: Types and parser for the lock file format of the npm successor yarn.
license-name: MIT
