homepage: https://github.com/Profpatsch/yaml-lock#readme
changelog-type: ''
hash: 7f71a6d434d1955f8aca5159b9f05ceb88167d584dadfac844cd58cf43d5adea
test-bench-deps: {}
maintainer: mail@profpatsch.de
synopsis: Represent and parse yarn.lock files
changelog: ''
basic-deps:
  base: ==4.*
  text: -any
  megaparsec: ==5.*
  protolude: ! '>=0.1'
  containers: -any
all-versions:
- '0.1.0'
author: Profpatsch
latest: '0.1.0'
description-type: haddock
description: Types and parser for the lock file format of the npm successor yarn.
license-name: MIT
