homepage: https://github.com/Profpatsch/yarn-lock#readme
changelog-type: markdown
hash: 292e6ec0b5947db4fa004b80915ea3dc3d20a594753467fc1fa62f4b9eb2ba4d
test-bench-deps:
  either: ==4.*
  ansi-wl-pprint: ! '>=0.6'
  tasty-th: ! '>=0.1.7'
  base: ! '>=4.9 && <4.10'
  text: -any
  megaparsec: ==5.* || ==6.*
  protolude: ! '>=0.1'
  containers: -any
  yarn-lock: -any
  tasty-quickcheck: ! '>=0.8'
  tasty-hunit: ! '>=0.9'
  tasty: ! '>=0.11'
  neat-interpolation: ! '>=0.3'
maintainer: mail@profpatsch.de
synopsis: Represent and parse yarn.lock files
changelog: ! '# Changelog


  All notable changes to this project will be documented in this file.


  The format is based on [Keep a Changelog](http://keepachangelog.com/)

  and this project adheres to [Semantic Versioning](http://semver.org/).


  ## [0.3.1] - 2017-08-16


  ### Added

  - Functor, Foldable and Traversable instances for MKMap


  ### Fixed

  - Remote URL parsing strips more unneeded elements


  ## [0.3] - 2017-08-16


  This is a major overhaul, changing nearly every part of the API

  and the implementation!


  ### Added

  - Support for multiple kinds of remote.

  - Heuristics for parsing git and file remotes.

  - Helpful, local error messages if the parsing goes wrong somewhere

  - A convenience function for doing all parsing steps at once

  - A pretty printer for error messages

  - Tests for all parsing logic

  - Tests for simple invariants in the multi-keyed map implementation


  ### Changed

  - Split the code into multiple modules.

  - Rewrote the parser to have a separate AST parsing step.


  ## [0.2] - 2017-05-21


  ### Added

  - A multi-keyed map module.

  - `decycle` function for removing npm dependency cycles.


  ### Changed

  - Lockfile type is now a multi-keyed map.



  ## [0.1] - 2017-04-18


  ### Added

  - Parser for `yarn.lock` files generated by yarn.

  - Data types representing the yarn file.

  - Lockfile type that is a simple `Map`.



'
basic-deps:
  either: ==4.*
  base: ! '>=4.9 && <4.10'
  text: -any
  megaparsec: ==5.* || ==6.*
  protolude: ! '>=0.1'
  containers: -any
all-versions:
- '0.1.0'
- '0.2.0'
- '0.3.1'
author: Profpatsch
latest: '0.3.1'
description-type: haddock
description: Types and parser for the lock file format of the npm successor yarn.
  All modules should be imported qualified.
license-name: MIT
