homepage: http://www.leonmergen.com/opensource.html
changelog-type: ''
hash: 3bfbb6898bb694c596c8c2027d57d24172d83e86e6e5c3a090e5d07c6eddaae4
test-bench-deps:
  bytestring: -any
  base: ! '>=4.3 && <5'
  bitcoin-tx: -any
  hspec: -any
  hexstring: -any
  bitcoin-types: -any
  bitcoin-block: -any
maintainer: leon@solatis.com
synopsis: Utility functions for manipulating bitcoin blocks
changelog: ''
basic-deps:
  bytestring: -any
  base: ! '>=4.3 && <5'
  bitcoin-tx: -any
  hexstring: -any
  largeword: -any
  lens: -any
  binary: -any
  bitcoin-types: -any
  cryptohash: -any
all-versions:
- 0.9.0
- 0.12.0
- 0.13.0
- 0.13.1
author: Leon Mergen
latest: 0.13.1
description-type: markdown
description: ! "haskell-bitcoin-tx\r\n==================\r\n\r\n[![Build Status](https://travis-ci.org/solatis/haskell-bitcoin-tx.png?branch=master)](https://travis-ci.org/solatis/haskell-bitcoin-tx)\r\n[![Coverage
  Status](https://coveralls.io/repos/solatis/haskell-bitcoin-tx/badge.svg?branch=master)](https://coveralls.io/r/solatis/haskell-bitcoin-tx?branch=master)\r\n[![MIT](http://b.repl.ca/v1/license-MIT-blue.png)](http://en.wikipedia.org/wiki/MIT_License)\r\n[![Haskell](http://b.repl.ca/v1/language-haskell-lightgrey.png)](http://haskell.org)\r\n\r\nThis
  library provides the same functionality as the bitcoin-tx command line\r\nutility,
  which was introduced in Bitcoin Core v0.10. These functions are\r\npure and require
  no communication with a bitcoin daemon.\r\n"
license-name: MIT
