changelog-type: ''
hash: c79120bf2a64a81afe3011a199bf3ea720379c4a86ce5489b43f01e318e68528
synopsis: Utility functions for manipulating bitcoin blocks
changelog: ''
all-versions:
- '0.9.0'
- '0.12.0'
- '0.13.0'
- '0.13.1'
latest: '0.13.1'
description-type: haddock
description: ! 'This library provides functionality for parsing, inspecting,

  hashing and serialization of bitcoin blocks.'
