changelog-type: ''
hash: c7ee33ac2b5bac4d51a4f5d4d39db375a46a8179bedc830224d79ef63ab7f04d
synopsis: thread-friendly file locks that don't block the entire program
changelog: ''
all-versions:
- '0.2.2'
latest: '0.2.2'
description-type: haddock
description: ! 'This module provides file locks that (unlike their counterparts in
  System.Posix.IO)

  leave other threads running while one waits for the lock.'
