all-versions:
- 0.0.0
author: Melanie Phoenix Brown
basic-deps:
  base: '>=4.14 && <5'
  containers: '>=0'
  indexed-traversable: '>=0'
changelog: |
  # Revision history for blocks

  ## 0.0.0 -- 2023-04-11

  * Names for common higher-order functions where the function argument is final,
    allowing easier use of `-XBlockArguments`.
changelog-type: markdown
description: ''
description-type: haddock
hash: c8b45b9f912f095f0667c3e7b352deb82b15afe9b16783a1146d2cb536d0e97f
homepage: ''
latest: 0.0.0
license-name: BSD-2-Clause
maintainer: brown.m@proton.me
synopsis: Higher-order functions with their function arguments at the end
test-bench-deps: {}
