all-versions:
- 0.0.0
- 0.0.1
author: Melanie Phoenix
basic-deps:
  base: '>=4.14 && <5'
  indexed-traversable: '>=0.1.3 && <0.2'
  witherable: '>=0.4.2 && <0.5'
changelog: |
  # Revision history for `control-block`

  ## 0.0.1

  Higher-order functions with their function arguments at the end,
  for channeling the full power of BlockArguments and LambdaCase .
changelog-type: markdown
description: |-
  Higher-order functions with their function arguments at the end,
  for channeling the full power of BlockArguments and LambdaCase .
description-type: haddock
hash: a561dd183708549b257988100038aa5addb670495b3b2da234ae8e20e7c76017
homepage: ''
latest: 0.0.1
license-name: BSD-2-Clause
maintainer: brown.m@proton.me
synopsis: |-
  Higher-order functions with their function arguments at the end,
  for channeling the full power of BlockArguments and LambdaCase .
test-bench-deps: {}
