all-versions:
- 0.0.0
- 0.0.1
- 0.0.2
author: Melanie Phoenix
basic-deps:
  base: '>=4.14 && <5'
  indexed-traversable: '>=0.1.3 && <0.2'
  witherable: '>=0.4.2 && <0.6'
changelog: |
  # Revision history for `control-block`

  ## 0.0.2

  Includes support for `witherable-0.5` and adds new consistently-
  named versions of `foldl` and `foldr` for the matching `reduce`,
  as well as monadic `fold` and `reduce` leftwards and rightwards.

  ## 0.0.1

  Higher-order functions with their function arguments at the end,
  for channeling the full power of BlockArguments and LambdaCase .
changelog-type: markdown
description: |-
  Higher-order functions with their function arguments at the end,
  for channeling the full power of BlockArguments and LambdaCase .
description-type: haddock
hash: bdfae99ed74142e2dd5a8322aefc51c2afc97067dd6baf621d1220f30bef8779
homepage: ''
latest: 0.0.2
license-name: BSD-2-Clause
maintainer: brown.m@proton.me
synopsis: |-
  Higher-order functions with their function arguments at the end,
  for channeling the full power of BlockArguments and LambdaCase .
test-bench-deps: {}
