homepage: ''
changelog-type: ''
hash: 5baf0da7000f8001f01f84d103872e33eb54ca8124104d2dd8f53f2399d2172c
test-bench-deps: {}
maintainer: Marc.Fontaine@gmx.de
synopsis: An interface to the Silicon Labs Si5351 clock chip
changelog: ''
basic-deps:
  bytestring: ! '>=0.10 && <0.11'
  read-env-var: ! '>=1.0'
  base: ! '>=4.9 && <4.10'
  time: ! '>=1.6 && <1.7'
  hsI2C: ! '>=0.1'
  transformers: ! '>=0.5 && <0.6'
all-versions:
- '0.1.0'
author: Marc.Fontaine@gmx.de
latest: '0.1.0'
description-type: haddock
description: ! 'An experimental interface to the Silicon Labs

  I2C-programmable any-frequency CMOS clock generator and VCXO.

  (tested with the Si5351 cip).'
license-name: BSD3
