homepage: ''
changelog-type: ''
hash: a0feffa435489870816662f111d2c1cdac7c9c6ddec051aecfe906df3b005fab
test-bench-deps: {}
maintainer: Marc.Fontaine@gmx.de
synopsis: An interface to the Silicon Labs Si5351 clock chip
changelog: ''
basic-deps:
  bytestring: ! '>=0.10 && <0.11'
  base: ! '>=4.9 && <4.10'
  time: ! '>=1.6 && <1.7'
  hsI2C: ! '>=0.1'
  transformers: ! '>=0.5 && <0.6'
all-versions:
- '0.1.0'
- '0.1.1'
author: Marc.Fontaine@gmx.de
latest: '0.1.1'
description-type: haddock
description: ! 'An experimental interface to the Silicon Labs

  I2C-programmable any-frequency CMOS clock generator and VCXO.

  (tested with the Si5351 cip).'
license-name: BSD3
