changelog-type: ''
hash: 0c234488c085e03817814ab8623b2c746f4de972854039dbb24a355a1d0058fe
synopsis: A named lock that is created on demand.
changelog: ''
all-versions:
- '0.1'
latest: '0.1'
description-type: haddock
description: ! 'A named lock that is created on demand.


  This is useful for situations where there is a potentially infinite

  number of resources (e.g., database queries) that should not be used

  concurrently.'
