homepage: http://github.com/nominolo/named-lock
changelog-type: ''
hash: 10cd7ca541e462f23269a78701f1d60d54c62a2e1ebc2e2d00404c9be7eceec5
test-bench-deps: {}
maintainer: Thomas Schilling <nominolo@googlemail.com>
synopsis: A named lock that is created on demand.
changelog: ''
basic-deps:
  base: ! '>=4 && <5'
  containers: ! '>=0.2 && <0.3'
all-versions:
- '0.1'
author: Thomas Schilling <nominolo@googlemail.com>
latest: '0.1'
description-type: haddock
description: ! 'A named lock that is created on demand.


  This is useful for situations where there is a potentially infinite

  number of resources (e.g., database queries) that should not be used

  concurrently.'
license-name: BSD-3-Clause
