homepage: https://github.com/chris-martin/mvar-lock
changelog-type: ''
hash: a6663cd1840620c4d7d12db2709214895bc3c06f03b53d9eeee7564a970581a5
test-bench-deps: {}
maintainer: Chris Martin <ch.martin@gmail.com>
synopsis: A trivial lock based on MVar.
changelog: ''
basic-deps:
  base: ! '>=4.9 && <4.12'
  safe-exceptions: -any
all-versions:
- '0.1.0.0'
- '0.1.0.1'
- '0.1.0.2'
author: Chris Martin <ch.martin@gmail.com>
latest: '0.1.0.2'
description-type: haddock
description: ! 'Using an MVar as a lock is a common pattern.

  This module just wraps that up into some functions

  with nice names that make the pattern explicit.'
license-name: Apache-2.0
