all-versions:
- 0.1.0.0
- 0.1.0.1
- 0.1.0.2
- 0.1.0.3
- 0.1.0.4
- 0.1.0.5
author: Chris Martin <ch.martin@gmail.com>
basic-deps:
  base: ^>=4.20
  safe-exceptions: ^>=0.1.7
changelog: |
  ## 0.1.0.5 (2026-06-11)

  Bump dep version

  ## 0.1.0.4 (2023-01-27)

  Raise supported GHC version set to { 9.2, 9.4 }

  ## 0.1.0.3 (2022-03-15)

  Start of change log
changelog-type: markdown
description: |
  Using an `MVar` as a lock is a common pattern. This module just wraps that up
  into some functions with nice names that make the pattern explicit.
description-type: markdown
hash: e0c9900f936ad94fab55cbf91094fe022ad9598d3b04d1e2ae9dadff436d2dbe
homepage: https://codeberg.org/chris-martin/mvar-lock
latest: 0.1.0.5
license-name: Apache-2.0
maintainer: Chris Martin <ch.martin@gmail.com>
synopsis: A trivial lock based on MVar
test-bench-deps: {}
