homepage: https://github.com/chris-martin/haskell-libraries
changelog-type: ''
hash: f2f23cee99884e91562959770c6f3cdc056821e491692ab043007e89aaf22edb
test-bench-deps: {}
maintainer: Chris Martin <ch.martin@gmail.com>
synopsis: A trivial lock based on MVar.
changelog: ''
basic-deps:
  base: ! '>=4.9 && <4.10'
  safe-exceptions: -any
all-versions:
- '0.1.0.0'
author: Chris Martin <ch.martin@gmail.com>
latest: '0.1.0.0'
description-type: haddock
description: Using an MVar as a lock is a common pattern. This module just wraps that
  up into some functions with nice names that make the pattern explicit.
license-name: Apache-2.0
