all-versions:
- 0.1.0
- 0.1.1
- 0.1.2
- 0.2.0
- 0.2.1
- 0.2.2
author: Alexandru Scvortov <scvalex@gmail.com>
basic-deps:
  base: '>=4 && <5'
  binary: '>=0'
  ghc-prim: '>=0'
  hashable: '>=0'
changelog: ''
changelog-type: ''
description: |
  vector-clock
  ============

  > Vector clocks in Haskell

  Examples
  --------

  See the [Hackage](http://hackage.haskell.org/packages/archive/vector-clock/latest/doc/html/Data-VectorClock.html) pages for each module for usage examples.

  Installation
  ------------

  This package is on
  [Hackage](http://hackage.haskell.org/package/vector-clock).  To install
  it, run:

      cabal update
      cabal install vector-clock
description-type: markdown
hash: fa59f51e4fe0a5b8b6c5e5c2490f5852eaf54ec1248a1c741d98be662188650f
homepage: https://github.com/scvalex/vector-clock
latest: 0.2.2
license-name: GPL-3.0-only
maintainer: scvalex@gmail.com
synopsis: Vector clocks for versioning message flows
test-bench-deps:
  HUnit: '>=0'
  QuickCheck: '>=0'
  array: '>=0'
  base: '>=4 && <5'
  binary: '>=0'
  ghc-prim: '>=0'
  test-framework: '>=0'
  test-framework-hunit: '>=0'
  test-framework-quickcheck2: '>=0'
  vector-clock: '>=0'
