homepage: https://github.com/scvalex/vector-clock
changelog-type: ''
hash: fa59f51e4fe0a5b8b6c5e5c2490f5852eaf54ec1248a1c741d98be662188650f
test-bench-deps:
  test-framework-hunit: -any
  vector-clock: -any
  test-framework: -any
  base: ! '>=4 && <5'
  test-framework-quickcheck2: -any
  HUnit: -any
  array: -any
  binary: -any
  ghc-prim: -any
  QuickCheck: -any
maintainer: scvalex@gmail.com
synopsis: Vector clocks for versioning message flows
changelog: ''
basic-deps:
  base: ! '>=4 && <5'
  binary: -any
  ghc-prim: -any
  hashable: -any
all-versions:
- 0.1.0
- 0.1.1
- 0.1.2
- 0.2.0
- 0.2.1
- 0.2.2
author: Alexandru Scvortov <scvalex@gmail.com>
latest: 0.2.2
description-type: markdown
description: ! "vector-clock\n============\n\n> Vector clocks in Haskell\n\nExamples\n--------\n\nSee
  the [Hackage](http://hackage.haskell.org/packages/archive/vector-clock/latest/doc/html/Data-VectorClock.html)
  pages for each module for usage examples.\n\nInstallation\n------------\n\nThis
  package is on\n[Hackage](http://hackage.haskell.org/package/vector-clock).  To install\nit,
  run:\n\n    cabal update\n    cabal install vector-clock\n"
license-name: GPL-3.0-only
