all-versions:
- '1.0'
- '1.1'
author: IC Rainbow
basic-deps:
  base: '>=4.7 && <5'
  half: '>=0'
  ptrdiff: '>=0'
changelog: |
  ## 1.1

  - Fix gsizeOf140 for M1 C.
  - Add some Foreign.C instances.
  - Add `Block` instances for 16-bit scalars: `Word16`, `Int16`, `CShort`,
    `CUShort`, and `Half` (GLSL `float16_t`, via the `half` package).
  - Fix generic struct layout: a low-alignment field followed by a
    higher-alignment field in the same (right-leaning) product subtree was
    over-padded — e.g. `data S = S Word16 Word16 Float` placed the second
    `Word16` at offset 4 instead of 2. Fields are now laid out by threading the
    running offset through each leaf and rounding to the leaf's own base
    alignment, matching glslang/spirv-cross.

  ## 1.0

  Initial release, extracted from EKmett's codex/glow project.
changelog-type: markdown
description: |
  ## gl-block

  ### Using

  Primitive types should have the `Block` instance.
  With that in place, you can build structures and get Storable instances derived generically, according to intented usage.

  ```haskell
  import GHC.Generics (Generic)
  import Graphics.Gl.Block (Block, Packed(..), Std140(..), Std430(..))

  -- | Attribute streams can be packed tightly together
  data VertexAttrs = VertexAttrs
    { color :: Vec4
    , texCoords :: Vec2
    }
    deriving stock (Eq, Ord, Show, Generic) -- The regular stuff and Generic
    deriving anyclass Block -- The layout class, with Generic defaults
    deriving Storable via (Packed VertexAttrs) -- Free goodies!

  -- | Uniform data require jumping through padding and alignment flaming hoop.
  -- You can use derive-storable-plugin or hs2c instead, but there are gotchas.
  data SceneUniform = SceneUniform
    { projection :: Mat4
    , viewPosition :: Vec3 -- Here comes the jazz
    , viewDirection :: Vec3
    }
    deriving stock (Eq, Ord, Show, Generic)
    deriving anyclass Block
    deriving Storable via (Std140 VertexAttrs) -- With comfy padding

  -- | Shader buffer objects are less vacuous, but the rules are specific to the domain.
  data Material = Material
    { baseColor :: Vec4
    , metallicRoughness :: Vec2
    , emission :: Vec4
    }
    deriving stock (Eq, Ord, Show, Generic)
    deriving anyclass Block
    deriving Storable via (Std430 VertexAttrs) -- Less alignment, less calculations
  ```

  * [Shader Buffer Memory Layout Info](https://gist.github.com/teoxoy/936891c16c2a3d1c3c5e7204ac6cd76c)



  ### Benchmarks

  The benchmark consists of filling a Storable vector.

  * Packed layout is on par with manual instances.
  * Std140 is slower, but not catastrophically so.
  * Std430 seems to regain some performance due to being a tad simpler.

  > There's only one "manual" case standing for all the layouts since it would only be different in pointer offsets.
  > And no way in hell I'm going to calculate them by hand!

  ```python
    struct
      10
        manual: OK (0.36s)
          19.0 ns ± 1.9 ns, 325 B  allocated,   0 B  copied, 117 MB peak memory
        packed: OK (0.68s)
          18.5 ns ± 782 ps, 327 B  allocated,   0 B  copied, 117 MB peak memory, 0.98x
        std140: OK (0.58s)
          64.9 ns ± 4.0 ns, 827 B  allocated,   0 B  copied, 117 MB peak memory, 3.42x
        std430: OK (0.28s)
          62.1 ns ± 3.3 ns, 658 B  allocated,   0 B  copied, 117 MB peak memory, 3.28x
      1000
        manual: OK (0.41s)
          334  ns ±  30 ns,  23 KB allocated,   0 B  copied, 135 MB peak memory
        packed: OK (0.40s)
          320  ns ±  23 ns,  23 KB allocated,   0 B  copied, 135 MB peak memory, 0.96x
        std140: OK (0.44s)
          733  ns ±  64 ns,  47 KB allocated,   0 B  copied, 137 MB peak memory, 2.19x
        std430: OK (0.55s)
          460  ns ±  30 ns,  32 KB allocated,   0 B  copied, 137 MB peak memory, 1.38x
      1000000
        manual: OK (0.42s)
          344  μs ±  27 μs,  23 MB allocated, 167 B  copied, 141 MB peak memory
        packed: OK (0.42s)
          350  μs ±  14 μs,  23 MB allocated, 164 B  copied, 141 MB peak memory, 1.02x
        std140: OK (0.92s)
          817  μs ±  36 μs,  46 MB allocated, 241 B  copied, 163 MB peak memory, 2.38x
        std430: OK (1.20s)
          523  μs ±  20 μs,  30 MB allocated, 157 B  copied, 164 MB peak memory, 1.52x
  ```

  > Caveat: nested structures have degraded performance.
description-type: markdown
hash: b60a3f3746445226f42f7db3ab6ebc4125b7b0e7e960cbb7ce41d285eebd9990
homepage: ''
latest: '1.1'
license-name: (BSD-2-Clause OR Apache-2.0)
maintainer: ic.rbow@gmail.com
synopsis: OpenGL standard memory layouts
test-bench-deps:
  base: '>=4.7 && <5'
  gl-block: '>=0'
  half: '>=0'
  ptrdiff: '>=0'
  tasty: '>=0'
  tasty-bench: '>=0'
  tasty-hunit: '>=0'
  vector: '>=0'
