homepage: http://github.com/takano-akio/filelock
changelog-type: ''
hash: 3f5fbd6a3715df07f4efdc678d22bc4925f48f0bd6837cd0b7974d99b7f1ced6
test-bench-deps:
  base: -any
  process: -any
  async: -any
  filelock: -any
maintainer: tak@anoak.io
synopsis: Portable interface to file locking (flock / LockFileEx)
changelog: ''
basic-deps:
  unix: -any
  base: ! '>=4.5.1.0 && <5'
all-versions:
- 0.1.0.0
- 0.1.0.1
- 0.1.1.1
- 0.1.1.2
author: Takano Akio
latest: 0.1.1.2
description-type: haddock
description: ! 'This package provides an interface to Windows and Unix

  file locking functionalities.'
license-name: LicenseRef-PublicDomain
