homepage: http://github.com/takano-akio/filelock
changelog-type: ''
hash: 76f70fa323c4d2237b0ce453386b338219988d1885f8c3679833d3fc20ba59ef
test-bench-deps:
  base: -any
  process: ! '>=1.2.1.0'
  async: -any
  filelock: -any
maintainer: tak@anoak.io
synopsis: Portable interface to file locking (flock / LockFileEx)
changelog: ''
basic-deps:
  unix: -any
  base: ! '>=4.5.1.0 && <5'
all-versions:
- 0.1.0.0
- 0.1.0.1
- 0.1.1.1
- 0.1.1.2
- 0.1.1.3
- 0.1.1.4
author: Takano Akio
latest: 0.1.1.4
description-type: haddock
description: |-
  This package provides an interface to Windows and Unix
  file locking functionalities.
license-name: LicenseRef-PublicDomain
