homepage: http://github.com/haskell-pkg-janitors/filelock
changelog-type: markdown
hash: 244ec6cfad23ccf6e22e8977f1ed48aea17700bfd254f4562243ff2478d0145d
test-bench-deps:
  base: -any
  process: '>=1.2.1.0'
  async: '>=2.0.0.0'
  filelock: -any
maintainer: Andreas Abel
synopsis: Portable interface to file locking (flock / LockFileEx)
changelog: |
  Changelog for filelock package

  0.1.1.6
  -------

  _2023-04-06, Andreas Abel_

  * Fix problem with locking when used with `unix-2.8`
    (issue [#12](https://github.com/takano-akio/filelock/issues/12)).
  * Package moved to [@haskell-pkg-janitors](https://github.com/haskell-pkg-janitors/filelock).

  Tested with GHC 8.2 - 9.6.

  0.1.1.5
  -------

  _2020-06-30, Takano Akio_
basic-deps:
  unix: -any
  base: '>=4.9.0.0 && <5'
all-versions:
- 0.1.0.0
- 0.1.0.1
- 0.1.1.1
- 0.1.1.2
- 0.1.1.3
- 0.1.1.4
- 0.1.1.5
- 0.1.1.6
author: Takano Akio
latest: 0.1.1.6
description-type: haddock
description: |-
  This package provides an interface to Windows and Unix
  file locking functionalities.
license-name: LicenseRef-PublicDomain
