changelog-type: ''
hash: ba4c67e53e93133e09159f1d240b3ec16262b097fe8a19227e34a77f9bbeec33
synopsis: Game clock that shows two analog clock faces
changelog: ''
all-versions:
- '1.0'
- '1.0.1'
- '1.0.2'
- '1.0.3'
- '1.0.4'
latest: '1.0.4'
description-type: haddock
description: A game clock with optional Fischer time, two clock face styles, and other
  options
