all-versions:
- '1.0'
- 1.0.1
- 1.0.2
- 1.0.3
- 1.0.4
author: Abram Clark <quuxman@gmail.com>
basic-deps:
  base: '>=3'
  cairo: '>=0'
  containers: '>=0'
  glib: '>=0'
  gtk: '>=0'
  time: '>=0'
changelog: ''
changelog-type: ''
description: A game clock with optional Fischer time, two clock face styles, and other
  options
description-type: haddock
hash: 91185a3968763e758980b693d948e3076662116007ac0e2e48fc151c864b223c
homepage: ''
latest: 1.0.4
license-name: LicenseRef-GPL
maintainer: quuxman@gmail.com
synopsis: Game clock that shows two analog clock faces
test-bench-deps: {}
