homepage: http://netclock.slab.org/
changelog-type: ''
hash: 08ec29a817c1ff0971d69342311cbb2017b5f1cbb8a88e32a81059696dca9803
test-bench-deps: {}
maintainer: netclock@mail.slab.org
synopsis: Netclock protocol
changelog: ''
basic-deps:
  bytestring: -any
  base: <5
  network: -any
  hosc: ! '>=0.14 && <0.16'
all-versions:
- '0.1'
- '0.2'
- '0.3'
- '0.4'
- '0.5'
- '0.6'
author: Alex McLean
latest: '0.6'
description-type: haddock
description: Implementation of the Netclock protocol for sharing clocks in music performance
license-name: GPL-3
