changelog-type: ''
hash: cc84bb903afba3efd34109d9a2e6b7fa9e5ffc03eed53d9fd58a9141bd1d8832
synopsis: Netclock protocol
changelog: ''
all-versions:
- '0.1'
- '0.2'
- '0.3'
- '0.4'
- '0.5'
- '0.6'
latest: '0.6'
description-type: haddock
description: Implementation of the Netclock protocol for sharing clocks in music performance
