all-versions:
- '0.1'
- '0.2'
- '0.3'
- '0.4'
- '0.5'
- '0.6'
author: Alex McLean
basic-deps:
  base: <5
  bytestring: '>=0'
  hosc: '>=0.14 && <0.16'
  network: '>=0'
changelog: ''
changelog-type: ''
description: 'Implementation of the Netclock protocol for sharing clocks in music
  performance     '
description-type: haddock
hash: 08ec29a817c1ff0971d69342311cbb2017b5f1cbb8a88e32a81059696dca9803
homepage: http://netclock.slab.org/
latest: '0.6'
license-name: GPL-3.0-only
maintainer: netclock@mail.slab.org
synopsis: Netclock protocol
test-bench-deps: {}
