changelog-type: ''
hash: dc0290ad9280221aa77e5602de25ff12b50a4ccdfa6965c986e8e4568cf71506
synopsis: ! 'High-resolution clock functions: monotonic, realtime, cputime.'
changelog: ''
all-versions:
- '0.1'
- '0.1.1'
- '0.1.2'
- '0.1.2.1'
- '0.2.0.0'
- '0.3'
- '0.4.0.1'
- '0.4.1.1'
- '0.4.1.2'
- '0.4.1.3'
- '0.4.2.0'
- '0.4.3.0'
- '0.4.4.0'
- '0.4.5.0'
- '0.4.6.0'
latest: '0.4.6.0'
description-type: haddock
description: ! 'A package for convenient access to high-resolution clock and

  timer functions of different operating systems via a unified API.


  POSIX code and surface API was developed by Cetin Sert in 2009.


  Windows code was contributed by Eugene Kirpichov in 2010.


  FreeBSD code was contributed by Finn Espen Gundersen on 2013-10-14.


  OS X code was contributed by Gerolf Seitz on 2013-10-15.


  Derived @Generic@, @Typeable@ and other instances for @Clock@ and @TimeSpec@ was
  contributed by Mathieu Boespflug on 2014-09-17.


  Corrected dependency listing for @GHC < 7.6@ was contributed by Brian McKenna on
  2014-09-30.


  Windows code corrected by Dimitri Sabadie on 2015-02-09.


  Added @timeSpecAsNanoSecs@ as observed widely-used by Chris Done on 2015-01-06,
  exported correctly on 2015-04-20.


  Imported Control.Applicative operators correctly for Haskell Platform on Windows
  on 2015-04-21.


  GNU/HURD build failure reported by Pino Toscano, patched by Joachim Breitner on
  2015-05-07.


  [Version Scheme]

  Major-@/R/@-ewrite . New-@/F/@-unctionality . @/I/@-mprovementAndBugFixes . @/P/@-ackagingOnly


  * @PackagingOnly@ changes are made for quality assurance reasons.'
