homepage: https://github.com/corsis/clock
changelog-type: markdown
hash: b938655b00cf204ce69abfff946021bed111d2609a9f7a9c22e28a1a202e9115
test-bench-deps:
  base: -any
  clock: -any
  criterion: -any
  tasty-quickcheck: -any
  tasty: '>=0.10'
maintainer: Cetin Sert <cetin@elefunc.com>, Elefunc, Inc.
synopsis: 'High-resolution clock functions: monotonic, realtime, cputime.'
changelog: |
  # 0.8.3

  - Dropped support for GHC < 7.8.
  - Tested with GHC 7.8 - 9.2.
  - TODO: new module `System.Clock.Seconds`
  - TODO: new functions
  - TODO: other changes
basic-deps:
  base: '>=4.7 && <5'
all-versions:
- '0.1'
- 0.1.1
- 0.1.2
- 0.1.2.1
- 0.2.0.0
- '0.3'
- 0.4.0.1
- 0.4.1.1
- 0.4.1.2
- 0.4.1.3
- 0.4.2.0
- 0.4.3.0
- 0.4.4.0
- 0.4.5.0
- 0.4.6.0
- 0.5.0.0
- 0.5.0.1
- 0.5.1
- 0.5.2
- 0.6.0
- 0.6.0.1
- 0.7.1
- 0.7.1.1
- 0.7.2
- '0.8'
- 0.8.2
- 0.8.3
- 0.8.4
author: Cetin Sert <cetin@elefunc.com>, Elefunc, Inc.
latest: 0.8.4
description-type: haddock
description: |-
  A package for convenient access to high-resolution clock and
  timer functions of different operating systems via a unified API.

  POSIX code and surface API was developed by Cetin Sert in 2009.

  Windows code was contributed by Eugene Kirpichov in 2010.

  FreeBSD code was contributed by Finn Espen Gundersen on 2013-10-14.

  OS X code was contributed by Gerolf Seitz on 2013-10-15.

  Derived @Generic@, @Typeable@ and other instances for @Clock@ and @TimeSpec@ was contributed by Mathieu Boespflug on 2014-09-17.

  Corrected dependency listing for @GHC < 7.6@ was contributed by Brian McKenna on 2014-09-30.

  Windows code corrected by Dimitri Sabadie on 2015-02-09.

  Added @timeSpecAsNanoSecs@ as observed widely-used by Chris Done on 2015-01-06, exported correctly on 2015-04-20.

  Imported Control.Applicative operators correctly for Haskell Platform on Windows on 2015-04-21.

  Unit tests and instance fixes by Christian Burger on 2015-06-25.

  Removal of fromInteger : Integer -> TimeSpec by Cetin Sert on 2015-12-15.

  New Linux-specific Clocks: MonotonicRaw, Boottime, MonotonicCoarse, RealtimeCoarse by Cetin Sert on 2015-12-15.

  Reintroduction fromInteger : Integer -> TimeSpec by Cetin Sert on 2016-04-05.

  Fixes for older Linux build failures introduced by new Linux-specific clocks by Mario Longobardi on 2016-04-18.

  Refreshment release in 2019-04 after numerous contributions.

  Refactoring for Windows, Mac implementation consistence by Alexander Vershilov on 2021-01-16.

  [Version Scheme]
  Major-@/R/@-ewrite . New-@/F/@-unctionality . @/I/@-mprovementAndBugFixes . @/P/@-ackagingOnly

  * @PackagingOnly@ changes are made for quality assurance reasons.
license-name: BSD-3-Clause
