all-versions:
- 0.0.0.1
- 0.0.0.2
- 0.0.0.3
author: James Cook <mokus@deepbondi.net>
basic-deps:
  base: '>=4 && <5'
  monad-loops-stm: '>=0'
  stm: '>=0'
  syb: '>=0'
changelog: ''
changelog-type: ''
description: |-
  A simple implementation of a multiple-reader / single-writer
  lock, using STM.
description-type: haddock
hash: 977f31de5f2130a58db736d52ef2fad9b169d276839ff1a70a344b5c5bcfd96f
homepage: https://github.com/mokus0/rwlock
latest: 0.0.0.3
license-name: LicenseRef-PublicDomain
maintainer: James Cook <mokus@deepbondi.net>
synopsis: Multiple-read / single-write locks
test-bench-deps: {}
