homepage: https://github.com/mokus0/rwlock
changelog-type: ''
hash: 977f31de5f2130a58db736d52ef2fad9b169d276839ff1a70a344b5c5bcfd96f
test-bench-deps: {}
maintainer: James Cook <mokus@deepbondi.net>
synopsis: Multiple-read / single-write locks
changelog: ''
basic-deps:
  stm: -any
  base: ! '>=4 && <5'
  syb: -any
  monad-loops-stm: -any
all-versions:
- 0.0.0.1
- 0.0.0.2
- 0.0.0.3
author: James Cook <mokus@deepbondi.net>
latest: 0.0.0.3
description-type: haddock
description: ! 'A simple implementation of a multiple-reader / single-writer

  lock, using STM.'
license-name: LicenseRef-PublicDomain
