changelog-type: ''
hash: 62c4751e2971e4db3a380610345f3980941c80ee533b36cefc10cefd8f3daa3e
synopsis: Multiple-read / single-write locks
changelog: ''
all-versions:
- '0.0.0.1'
- '0.0.0.2'
- '0.0.0.3'
latest: '0.0.0.3'
description-type: haddock
description: ! 'A simple implementation of a multiple-reader / single-writer

  lock, using STM.'
