homepage: https://bitbucket.org/davecturner/alarmclock
changelog-type: ''
hash: 3a6a27b06f2f03b5f0bb9c5514372f03abd68343ccd34919883174512bcc19fc
test-bench-deps: {}
maintainer: dave.c.turner@gmail.com
synopsis: Wake up and perform an action at a certain time.
changelog: ''
basic-deps:
  stm: -any
  base: ! '>=4.8 && <4.12'
  time: -any
  clock: -any
  unbounded-delays: -any
  async: -any
all-versions:
- '0.1.0.1'
- '0.1.0.2'
- '0.2.0.1'
- '0.2.0.2'
- '0.2.0.3'
- '0.2.0.4'
- '0.2.0.5'
- '0.2.0.6'
- '0.2.0.7'
- '0.2.0.8'
- '0.2.0.9'
- '0.3.0.1'
- '0.4.0.1'
- '0.4.0.2'
- '0.4.0.3'
- '0.4.0.4'
- '0.5.0.0'
author: David Turner
latest: '0.5.0.0'
description-type: haddock
description: Wake up and perform an action at a certain time.
license-name: BSD3
