homepage: https://github.com/DaveCTurner/alarmclock
changelog-type: ''
hash: 204b2960e9da41e458f26c8a11f007e2faed0e9a8f1eed5f57de08acc9fcb2de
test-bench-deps:
  stm: ! '>=2.4.4 && <2.6'
  base: ! '>=4.8.0 && <4.14'
  time: ! '>=1.5.0 && <1.10'
  hspec: -any
  clock: ! '>=0.7.0 && <0.9'
  unbounded-delays: ! '>=0.1.1 && <0.2'
  alarmclock: -any
  async: ! '>=2.1.1 && <2.3'
maintainer: dave.c.turner@gmail.com
synopsis: Wake up and perform an action at a certain time.
changelog: ''
basic-deps:
  stm: ! '>=2.4.4 && <2.6'
  base: ! '>=4.8.0 && <4.14'
  time: ! '>=1.5.0 && <1.10'
  clock: ! '>=0.7.0 && <0.9'
  unbounded-delays: ! '>=0.1.1 && <0.2'
  async: ! '>=2.1.1 && <2.3'
all-versions:
- 0.5.0.1
- 0.5.0.2
- 0.6.0.1
- 0.6.0.2
- 0.7.0.1
- 0.7.0.2
- 0.7.0.4
author: David Turner
latest: 0.7.0.4
description-type: haddock
description: Please see the README at <https://github.com/DaveCTurner/alarmclock/blob/master/README.md>
license-name: BSD-3-Clause
