homepage: https://bitbucket.org/davecturner/alarmclock
changelog-type: ''
hash: 20cecbc90d5d3f5e5e6c5e761762b631ee1fbc5d88b5d0b754f1f5e8c352310c
test-bench-deps: {}
maintainer: dave.c.turner@gmail.com
synopsis: Wake up and perform an action at a certain time.
changelog: ''
basic-deps:
  stm: -any
  base: ! '>=4.8 && <4.10'
  time: -any
  clock: -any
  unbounded-delays: -any
all-versions:
- '0.1.0.1'
- '0.1.0.2'
- '0.2.0.1'
- '0.2.0.2'
- '0.2.0.3'
- '0.2.0.4'
- '0.2.0.5'
- '0.2.0.6'
- '0.2.0.7'
- '0.2.0.8'
- '0.2.0.9'
- '0.3.0.1'
- '0.4.0.1'
author: David Turner
latest: '0.4.0.1'
description-type: haddock
description: Wake up and perform an action at a certain time.
license-name: BSD3
