all-versions:
- 0.1.0.0
author: Trevis Elser
basic-deps:
  attoparsec: '>=0.14.4 && <0.15'
  base: '>=4.17.1.0 && <5'
  containers: '>=0.6 && <0.8'
  ghc: '>=9.4 && <9.9'
  text: '>=2.0 && <2.2'
changelog: |
  # Revision history for pollock

  ## 0.1.0.0 -- YYYY-mm-dd

  * First version. Released on an unsuspecting world.
changelog-type: markdown
description: Pollock is functionality to examine various bits of information about
  documentation as exposed from a Haskell module. This is designed to be used as part
  of a GHC plugin.
description-type: haddock
hash: c9b95b5144d788dfb0b79704e3bc706e6ce39114f100883977fd80db7eb34014
homepage: ''
latest: 0.1.0.0
license-name: MIT
maintainer: trevis@flipstone.com
synopsis: Functionality to help examine Haddock information of a module.
test-bench-deps: {}
