all-versions:
- 0.1.0.0
- 0.1.0.1
- 0.1.0.2
author: Trevis Elser
basic-deps:
  attoparsec: '>=0.14.4 && <0.15'
  base: '>=4.17.1.0 && <5'
  containers: '>=0.6 && <0.8'
  ghc: '>=9.4 && <9.13'
  text: '>=2.0 && <2.2'
changelog: |
  # Revision history for pollock

  ## 0.1.0.2 -- 2024-10-27

  * Internal changes to support GHC 9.12 prerelease.
  * Updates the `tested-with` stanza and CI to newest point releases.

  ## 0.1.0.1 -- 2024-05-19

  * Internal changes to support GHC 9.10

  ## 0.1.0.0 -- YYYY-mm-dd

  * First version. Released on an unsuspecting world.
changelog-type: markdown
description: Pollock is functionality to examine various bits of information about
  documentation as exposed from a Haskell module. This is designed to be used as part
  of a GHC plugin.
description-type: haddock
hash: 4638817d2e4f3135b28d4403b194ce757f2e5ca1523d10ff2f4ff28d4874edb4
homepage: ''
latest: 0.1.0.2
license-name: MIT
maintainer: trevis@flipstone.com
synopsis: Functionality to help examine Haddock information of a module.
test-bench-deps: {}
