all-versions:
- '0.1'
author: Stephen Paul Weber <singpolyma@singpolyma.net>
basic-deps:
  base: '>=4 && <5'
  transformers: '>=0'
  unix: '>=0'
changelog: ''
changelog-type: ''
description: |
  "System.Posix.IO" has very low-level bindings to POSIX fcntl
  advisory locks.  This module wraps them in a cleaner API.
description-type: text
hash: c3d905354b236174e1aae8cba21c5eb471a101bcbf6680fdedfccbdd4a9138ed
homepage: https://github.com/singpolyma/posix-filelock-haskell
latest: '0.1'
license-name: LicenseRef-OtherLicense
maintainer: Stephen Paul Weber <singpolyma@singpolyma.net>
synopsis: Nice wrapper around POSIX fcntl advisory locks
test-bench-deps: {}
