homepage: https://github.com/singpolyma/posix-filelock-haskell
changelog-type: ''
hash: c3d905354b236174e1aae8cba21c5eb471a101bcbf6680fdedfccbdd4a9138ed
test-bench-deps: {}
maintainer: Stephen Paul Weber <singpolyma@singpolyma.net>
synopsis: Nice wrapper around POSIX fcntl advisory locks
changelog: ''
basic-deps:
  unix: -any
  base: ==4.*
  transformers: -any
all-versions:
- '0.1'
author: Stephen Paul Weber <singpolyma@singpolyma.net>
latest: '0.1'
description-type: text
description: ! '"System.Posix.IO" has very low-level bindings to POSIX fcntl

  advisory locks.  This module wraps them in a cleaner API.

'
license-name: LicenseRef-OtherLicense
